<?xml version="1.0" encoding="utf-8"?>
<Project ToolsVersion="4.0" xmlns="http://schemas.microsoft.com/developer/msbuild/2003">
  <ItemGroup>
    <Filter Include="Fichiers sources">
      <UniqueIdentifier>{4FC737F1-C7A5-4376-A066-2A32D752A2FF}</UniqueIdentifier>
      <Extensions>cpp;c;cc;cxx;c++;cppm;ixx;def;odl;idl;hpj;bat;asm;asmx</Extensions>
    </Filter>
    <Filter Include="Fichiers sources\src">
      <UniqueIdentifier>{a2fabed5-cbf1-41f8-8522-a0a92fb7286f}</UniqueIdentifier>
    </Filter>
    <Filter Include="Fichiers sources\src\minecraft">
      <UniqueIdentifier>{d0080eff-b297-483c-8b49-b28d712857ad}</UniqueIdentifier>
    </Filter>
    <Filter Include="Fichiers sources\src\cjson">
      <UniqueIdentifier>{979edc47-0998-4507-92b2-2a2ceaa64416}</UniqueIdentifier>
    </Filter>
    <Filter Include="Fichiers sources\include">
      <UniqueIdentifier>{c712deb8-6769-4b27-a15c-685f414a93e6}</UniqueIdentifier>
    </Filter>
    <Filter Include="Fichiers sources\include\minecraft">
      <UniqueIdentifier>{44b46195-86af-4098-ab45-6effbf3020ca}</UniqueIdentifier>
    </Filter>
    <Filter Include="Fichiers sources\include\cjson">
      <UniqueIdentifier>{9f8f7079-f1ce-4c76-961d-fa141d934199}</UniqueIdentifier>
    </Filter>
  </ItemGroup>
  <ItemGroup>
    <ClCompile Include="main.c">
      <Filter>Fichiers sources</Filter>
    </ClCompile>
    <ClCompile Include="src\utils.c">
      <Filter>Fichiers sources\src</Filter>
    </ClCompile>
    <ClCompile Include="src\minecraft\versions.c">
      <Filter>Fichiers sources\src\minecraft</Filter>
    </ClCompile>
    <ClCompile Include="src\cjson\cJSON.c">
      <Filter>Fichiers sources\src\cjson</Filter>
    </ClCompile>
    <ClCompile Include="src\minecraft\client.c">
      <Filter>Fichiers sources\src\minecraft</Filter>
    </ClCompile>
    <ClCompile Include="src\minecraft\mainclass.c">
      <Filter>Fichiers sources\src\minecraft</Filter>
    </ClCompile>
    <ClCompile Include="src\minecraft\arguments.c">
      <Filter>Fichiers sources\src\minecraft</Filter>
    </ClCompile>
    <ClCompile Include="src\minecraft\java.c">
      <Filter>Fichiers sources\src\minecraft</Filter>
    </ClCompile>
    <ClCompile Include="src\launcher.c">
      <Filter>Fichiers sources\src</Filter>
    </ClCompile>
    <ClCompile Include="src\minecraft\assets.c">
      <Filter>Fichiers sources\src\minecraft</Filter>
    </ClCompile>
    <ClCompile Include="src\minecraft\libraries.c">
      <Filter>Fichiers sources\src\minecraft</Filter>
    </ClCompile>
    <ClCompile Include="src\minecraft\lwjgl.c">
      <Filter>Fichiers sources\src\minecraft</Filter>
    </ClCompile>
    <ClCompile Include="src\getopt.c">
      <Filter>Fichiers sources\src</Filter>
    </ClCompile>
    <ClCompile Include="src\minecraft\microsoftAuthenfication.c">
      <Filter>Fichiers sources\src\minecraft</Filter>
    </ClCompile>
  </ItemGroup>
  <ItemGroup>
    <ClInclude Include="include\utils.h">
      <Filter>Fichiers sources\include</Filter>
    </ClInclude>
    <ClInclude Include="include\launcher.h">
      <Filter>Fichiers sources\include</Filter>
    </ClInclude>
    <ClInclude Include="include\minecraft\arguments.h">
      <Filter>Fichiers sources\include\minecraft</Filter>
    </ClInclude>
    <ClInclude Include="include\minecraft\assets.h">
      <Filter>Fichiers sources\include\minecraft</Filter>
    </ClInclude>
    <ClInclude Include="include\minecraft\client.h">
      <Filter>Fichiers sources\include\minecraft</Filter>
    </ClInclude>
    <ClInclude Include="include\minecraft\java.h">
      <Filter>Fichiers sources\include\minecraft</Filter>
    </ClInclude>
    <ClInclude Include="include\minecraft\libraries.h">
      <Filter>Fichiers sources\include\minecraft</Filter>
    </ClInclude>
    <ClInclude Include="include\minecraft\lwjgl.h">
      <Filter>Fichiers sources\include\minecraft</Filter>
    </ClInclude>
    <ClInclude Include="include\minecraft\mainclass.h">
      <Filter>Fichiers sources\include\minecraft</Filter>
    </ClInclude>
    <ClInclude Include="include\minecraft\versions.h">
      <Filter>Fichiers sources\include\minecraft</Filter>
    </ClInclude>
    <ClInclude Include="include\cjson\cJSON.h">
      <Filter>Fichiers sources\include\cjson</Filter>
    </ClInclude>
    <ClInclude Include="include\minecraft\microsoftAuthentification.h">
      <Filter>Fichiers sources\include\minecraft</Filter>
    </ClInclude>
    <ClInclude Include="include\getopt.h">
      <Filter>Fichiers sources\include</Filter>
    </ClInclude>
  </ItemGroup>
</Project>